
Microsoft Visual Studio Solution File, Format Version 12.00
# Visual Studio 14
VisualStudioVersion = 14.0.25420.1
MinimumVisualStudioVersion = 10.0.40219.1
Project("{FAE04EC0-301F-11D3-BF4B-00C04F79EFBC}") = "lemonadestand", "lemonadestand\lemonadestand.csproj", "{DB2B27CA-8D22-4246-BD85-0C06E9268595}"
EndProject
Project("{F088123C-0E9E-452A-89E6-6BA2F21D5CAC}") = "LemonadeStandModeling", "LemonadeStandModeling\LemonadeStandModeling.modelproj", "{9D5A74D4-9A2F-4F47-A3E7-8A4546F87809}"
EndProject
Project("{FAE04EC0-301F-11D3-BF4B-00C04F79EFBC}") = "LemonadeStandUnitTesting", "LemonadeStandUnitTesting\LemonadeStandUnitTesting.csproj", "{4FAF013A-DDEF-4D90-95F0-A5188E79E887}"
EndProject
Global
	GlobalSection(SolutionConfigurationPlatforms) = preSolution
		Debug|Any CPU = Debug|Any CPU
		Release|Any CPU = Release|Any CPU
	EndGlobalSection
	GlobalSection(ProjectConfigurationPlatforms) = postSolution
		{DB2B27CA-8D22-4246-BD85-0C06E9268595}.Debug|Any CPU.ActiveCfg = Debug|Any CPU
		{DB2B27CA-8D22-4246-BD85-0C06E9268595}.Debug|Any CPU.Build.0 = Debug|Any CPU
		{DB2B27CA-8D22-4246-BD85-0C06E9268595}.Release|Any CPU.ActiveCfg = Release|Any CPU
		{DB2B27CA-8D22-4246-BD85-0C06E9268595}.Release|Any CPU.Build.0 = Release|Any CPU
		{9D5A74D4-9A2F-4F47-A3E7-8A4546F87809}.Debug|Any CPU.ActiveCfg = Debug|Any CPU
		{9D5A74D4-9A2F-4F47-A3E7-8A4546F87809}.Debug|Any CPU.Build.0 = Debug|Any CPU
		{9D5A74D4-9A2F-4F47-A3E7-8A4546F87809}.Release|Any CPU.ActiveCfg = Release|Any CPU
		{9D5A74D4-9A2F-4F47-A3E7-8A4546F87809}.Release|Any CPU.Build.0 = Release|Any CPU
		{4FAF013A-DDEF-4D90-95F0-A5188E79E887}.Debug|Any CPU.ActiveCfg = Debug|Any CPU
		{4FAF013A-DDEF-4D90-95F0-A5188E79E887}.Debug|Any CPU.Build.0 = Debug|Any CPU
		{4FAF013A-DDEF-4D90-95F0-A5188E79E887}.Release|Any CPU.ActiveCfg = Release|Any CPU
		{4FAF013A-DDEF-4D90-95F0-A5188E79E887}.Release|Any CPU.Build.0 = Release|Any CPU
	EndGlobalSection
	GlobalSection(SolutionProperties) = preSolution
		HideSolutionNode = FALSE
	EndGlobalSection
EndGlobal
